
Microsoft Visual Studio Solution File, Format Version 12.00
# Visual Studio Version 17
VisualStudioVersion = 17.9.34728.123
MinimumVisualStudioVersion = 10.0.40219.1
Project("{9A19103F-16F7-4668-BE54-9A1E7A4F7556}") = "CanadaCitizenship.Algorithm", "CanadaCitizenship.Algorithm\CanadaCitizenship.Algorithm.csproj", "{1E6DE2F5-B71B-47DC-900E-34C5CAC14E77}"
EndProject
Project("{9A19103F-16F7-4668-BE54-9A1E7A4F7556}") = "CanadaCitizenship", "CanadaCitizenship\CanadaCitizenship.csproj", "{C8EBC6C3-EE71-489F-9037-8BC582520ACD}"
EndProject
Project("{FAE04EC0-301F-11D3-BF4B-00C04F79EFBC}") = "CanadaCitizenship.Blazor", "CanadaCitizenship.Blazor\CanadaCitizenship.Blazor.csproj", "{60ABBE0B-709C-4923-830F-E59CC6628686}"
EndProject
Global
	GlobalSection(SolutionConfigurationPlatforms) = preSolution
		Debug|Any CPU = Debug|Any CPU
		Release|Any CPU = Release|Any CPU
	EndGlobalSection
	GlobalSection(ProjectConfigurationPlatforms) = postSolution
		{1E6DE2F5-B71B-47DC-900E-34C5CAC14E77}.Debug|Any CPU.ActiveCfg = Debug|Any CPU
		{1E6DE2F5-B71B-47DC-900E-34C5CAC14E77}.Debug|Any CPU.Build.0 = Debug|Any CPU
		{1E6DE2F5-B71B-47DC-900E-34C5CAC14E77}.Release|Any CPU.ActiveCfg = Release|Any CPU
		{1E6DE2F5-B71B-47DC-900E-34C5CAC14E77}.Release|Any CPU.Build.0 = Release|Any CPU
		{C8EBC6C3-EE71-489F-9037-8BC582520ACD}.Debug|Any CPU.ActiveCfg = Debug|Any CPU
		{C8EBC6C3-EE71-489F-9037-8BC582520ACD}.Debug|Any CPU.Build.0 = Debug|Any CPU
		{C8EBC6C3-EE71-489F-9037-8BC582520ACD}.Release|Any CPU.ActiveCfg = Release|Any CPU
		{C8EBC6C3-EE71-489F-9037-8BC582520ACD}.Release|Any CPU.Build.0 = Release|Any CPU
		{60ABBE0B-709C-4923-830F-E59CC6628686}.Debug|Any CPU.ActiveCfg = Debug|Any CPU
		{60ABBE0B-709C-4923-830F-E59CC6628686}.Debug|Any CPU.Build.0 = Debug|Any CPU
		{60ABBE0B-709C-4923-830F-E59CC6628686}.Release|Any CPU.ActiveCfg = Release|Any CPU
		{60ABBE0B-709C-4923-830F-E59CC6628686}.Release|Any CPU.Build.0 = Release|Any CPU
	EndGlobalSection
	GlobalSection(SolutionProperties) = preSolution
		HideSolutionNode = FALSE
	EndGlobalSection
	GlobalSection(ExtensibilityGlobals) = postSolution
		SolutionGuid = {171D58E8-DE7A-4114-82E7-A4518C6381B6}
	EndGlobalSection
EndGlobal
